// !$*UTF8*$!
{
	archiveVersion = 1;
	classes = {
	};
	objectVersion = 56;
	objects = {

/* Begin PBXBuildFile section */
		F3AA0655293ADF0300D5CDC4 /* AppDelegate.swift in Sources */ = {isa = PBXBuildFile; fileRef = F3AA0654293ADF0300D5CDC4 /* AppDelegate.swift */; };
		F3AA0657293ADF0300D5CDC4 /* SceneDelegate.swift in Sources */ = {isa = PBXBuildFile; fileRef = F3AA0656293ADF0300D5CDC4 /* SceneDelegate.swift */; };
		F3AA065E293ADF0400D5CDC4 /* Assets.xcassets in Resources */ = {isa = PBXBuildFile; fileRef = F3AA065D293ADF0400D5CDC4 /* Assets.xcassets */; };
		F3AA0661293ADF0400D5CDC4 /* LaunchScreen.storyboard in Resources */ = {isa = PBXBuildFile; fileRef = F3AA065F293ADF0400D5CDC4 /* LaunchScreen.storyboard */; };
		F3DC3A33293B25F6003EE82D /* App in Frameworks */ = {isa = PBXBuildFile; productRef = F3DC3A32293B25F6003EE82D /* App */; };
/* End PBXBuildFile section */

/* Begin PBXFileReference section */
		F32A387E2994E9090084879D /* ko */ = {isa = PBXFileReference; lastKnownFileType = file.storyboard; name = ko; path = ko.lproj/LaunchScreen.storyboard; sourceTree = "<group>"; };
		F32A387F2994E9090084879D /* en */ = {isa = PBXFileReference; lastKnownFileType = file.storyboard; name = en; path = en.lproj/LaunchScreen.storyboard; sourceTree = "<group>"; };
		F3AA0651293ADF0300D5CDC4 /* tictactoe.app */ = {isa = PBXFileReference; explicitFileType = wrapper.application; includeInIndex = 0; path = tictactoe.app; sourceTree = BUILT_PRODUCTS_DIR; };
		F3AA0654293ADF0300D5CDC4 /* AppDelegate.swift */ = {isa = PBXFileReference; lastKnownFileType = sourcecode.swift; path = AppDelegate.swift; sourceTree = "<group>"; };
		F3AA0656293ADF0300D5CDC4 /* SceneDelegate.swift */ = {isa = PBXFileReference; lastKnownFileType = sourcecode.swift; path = SceneDelegate.swift; sourceTree = "<group>"; };
		F3AA065D293ADF0400D5CDC4 /* Assets.xcassets */ = {isa = PBXFileReference; lastKnownFileType = folder.assetcatalog; path = Assets.xcassets; sourceTree = "<group>"; };
		F3AA0662293ADF0400D5CDC4 /* Info.plist */ = {isa = PBXFileReference; lastKnownFileType = text.plist.xml; path = Info.plist; sourceTree = "<group>"; };
		F3C4226B2987CF5300AEBB75 /* Shared.xcconfig */ = {isa = PBXFileReference; lastKnownFileType = text.xcconfig; path = Shared.xcconfig; sourceTree = "<group>"; };
		F3C4226C2987EC6F00AEBB75 /* Debug.xcconfig */ = {isa = PBXFileReference; lastKnownFileType = text.xcconfig; path = Debug.xcconfig; sourceTree = "<group>"; };
		F3C4226D2987EC7500AEBB75 /* Release.xcconfig */ = {isa = PBXFileReference; lastKnownFileType = text.xcconfig; path = Release.xcconfig; sourceTree = "<group>"; };
/* End PBXFileReference section */

/* Begin PBXFrameworksBuildPhase section */
		F3AA064E293ADF0300D5CDC4 /* Frameworks */ = {
			isa = PBXFrameworksBuildPhase;
			buildActionMask = 2147483647;
			files = (
				F3DC3A33293B25F6003EE82D /* App in Frameworks */,
			);
			runOnlyForDeploymentPostprocessing = 0;
		};
/* End PBXFrameworksBuildPhase section */

/* Begin PBXGroup section */
		F3AA0648293ADF0300D5CDC4 = {
			isa = PBXGroup;
			children = (
				F3AA0653293ADF0300D5CDC4 /* tictactoe */,
				F3AA0652293ADF0300D5CDC4 /* Products */,
				F3DC3A2F293B2397003EE82D /* Frameworks */,
			);
			sourceTree = "<group>";
		};
		F3AA0652293ADF0300D5CDC4 /* Products */ = {
			isa = PBXGroup;
			children = (
				F3AA0651293ADF0300D5CDC4 /* tictactoe.app */,
			);
			name = Products;
			sourceTree = "<group>";
		};
		F3AA0653293ADF0300D5CDC4 /* tictactoe */ = {
			isa = PBXGroup;
			children = (
				F3AA066A293AF28A00D5CDC4 /* Resource */,
				F3AA0669293AF28700D5CDC4 /* Source */,
				F3AA0668293AF28100D5CDC4 /* Support */,
			);
			path = tictactoe;
			sourceTree = "<group>";
		};
		F3AA0668293AF28100D5CDC4 /* Support */ = {
			isa = PBXGroup;
			children = (
				F3C4226A2987CF4A00AEBB75 /* Config */,
				F3AA0662293ADF0400D5CDC4 /* Info.plist */,
			);
			path = Support;
			sourceTree = "<group>";
		};
		F3AA0669293AF28700D5CDC4 /* Source */ = {
			isa = PBXGroup;
			children = (
				F3AA0654293ADF0300D5CDC4 /* AppDelegate.swift */,
				F3AA0656293ADF0300D5CDC4 /* SceneDelegate.swift */,
			);
			path = Source;
			sourceTree = "<group>";
		};
		F3AA066A293AF28A00D5CDC4 /* Resource */ = {
			isa = PBXGroup;
			children = (
				F3AA065D293ADF0400D5CDC4 /* Assets.xcassets */,
				F3AA065F293ADF0400D5CDC4 /* LaunchScreen.storyboard */,
			);
			path = Resource;
			sourceTree = "<group>";
		};
		F3C4226A2987CF4A00AEBB75 /* Config */ = {
			isa = PBXGroup;
			children = (
				F3C4226B2987CF5300AEBB75 /* Shared.xcconfig */,
				F3C4226C2987EC6F00AEBB75 /* Debug.xcconfig */,
				F3C4226D2987EC7500AEBB75 /* Release.xcconfig */,
			);
			path = Config;
			sourceTree = "<group>";
		};
		F3DC3A2F293B2397003EE82D /* Frameworks */ = {
			isa = PBXGroup;
			children = (
			);
			name = Frameworks;
			sourceTree = "<group>";
		};
/* End PBXGroup section */

/* Begin PBXNativeTarget section */
		F3AA0650293ADF0300D5CDC4 /* tictactoe */ = {
			isa = PBXNativeTarget;
			buildConfigurationList = F3AA0665293ADF0400D5CDC4 /* Build configuration list for PBXNativeTarget "tictactoe" */;
			buildPhases = (
				F3AA064D293ADF0300D5CDC4 /* Sources */,
				F3AA064E293ADF0300D5CDC4 /* Frameworks */,
				F3AA064F293ADF0300D5CDC4 /* Resources */,
			);
			buildRules = (
			);
			dependencies = (
			);
			name = tictactoe;
			packageProductDependencies = (
				F3DC3A32293B25F6003EE82D /* App */,
			);
			productName = todo;
			productReference = F3AA0651293ADF0300D5CDC4 /* tictactoe.app */;
			productType = "com.apple.product-type.application";
		};
/* End PBXNativeTarget section */

/* Begin PBXProject section */
		F3AA0649293ADF0300D5CDC4 /* Project object */ = {
			isa = PBXProject;
			attributes = {
				BuildIndependentTargetsInParallel = 1;
				LastSwiftUpdateCheck = 1410;
				LastUpgradeCheck = 1410;
				TargetAttributes = {
					F3AA0650293ADF0300D5CDC4 = {
						CreatedOnToolsVersion = 14.1;
					};
				};
			};
			buildConfigurationList = F3AA064C293ADF0300D5CDC4 /* Build configuration list for PBXProject "tictactoe" */;
			compatibilityVersion = "Xcode 14.0";
			developmentRegion = en;
			hasScannedForEncodings = 0;
			knownRegions = (
				en,
				ko,
			);
			mainGroup = F3AA0648293ADF0300D5CDC4;
			productRefGroup = F3AA0652293ADF0300D5CDC4 /* Products */;
			projectDirPath = "";
			projectRoot = "";
			targets = (
				F3AA0650293ADF0300D5CDC4 /* tictactoe */,
			);
		};
/* End PBXProject section */

/* Begin PBXResourcesBuildPhase section */
		F3AA064F293ADF0300D5CDC4 /* Resources */ = {
			isa = PBXResourcesBuildPhase;
			buildActionMask = 2147483647;
			files = (
				F3AA0661293ADF0400D5CDC4 /* LaunchScreen.storyboard in Resources */,
				F3AA065E293ADF0400D5CDC4 /* Assets.xcassets in Resources */,
			);
			runOnlyForDeploymentPostprocessing = 0;
		};
/* End PBXResourcesBuildPhase section */

/* Begin PBXSourcesBuildPhase section */
		F3AA064D293ADF0300D5CDC4 /* Sources */ = {
			isa = PBXSourcesBuildPhase;
			buildActionMask = 2147483647;
			files = (
				F3AA0655293ADF0300D5CDC4 /* AppDelegate.swift in Sources */,
				F3AA0657293ADF0300D5CDC4 /* SceneDelegate.swift in Sources */,
			);
			runOnlyForDeploymentPostprocessing = 0;
		};
/* End PBXSourcesBuildPhase section */

/* Begin PBXVariantGroup section */
		F3AA065F293ADF0400D5CDC4 /* LaunchScreen.storyboard */ = {
			isa = PBXVariantGroup;
			children = (
				F32A387E2994E9090084879D /* ko */,
				F32A387F2994E9090084879D /* en */,
			);
			name = LaunchScreen.storyboard;
			sourceTree = "<group>";
		};
/* End PBXVariantGroup section */

/* Begin XCBuildConfiguration section */
		F3AA0663293ADF0400D5CDC4 /* Debug */ = {
			isa = XCBuildConfiguration;
			baseConfigurationReference = F3C4226C2987EC6F00AEBB75 /* Debug.xcconfig */;
			buildSettings = {
				ALWAYS_SEARCH_USER_PATHS = NO;
				CLANG_ANALYZER_LOCALIZABILITY_NONLOCALIZED = YES;
				CLANG_ANALYZER_NONNULL = YES;
				CLANG_ANALYZER_NUMBER_OBJECT_CONVERSION = YES_AGGRESSIVE;
				CLANG_CXX_LANGUAGE_STANDARD = "gnu++20";
				CLANG_ENABLE_MODULES = YES;
				CLANG_ENABLE_OBJC_ARC = YES;
				CLANG_ENABLE_OBJC_WEAK = YES;
				CLANG_WARN_BLOCK_CAPTURE_AUTORELEASING = YES;
				CLANG_WARN_BOOL_CONVERSION = YES;
				CLANG_WARN_COMMA = YES;
				CLANG_WARN_CONSTANT_CONVERSION = YES;
				CLANG_WARN_DEPRECATED_OBJC_IMPLEMENTATIONS = YES;
				CLANG_WARN_DIRECT_OBJC_ISA_USAGE = YES_ERROR;
				CLANG_WARN_DOCUMENTATION_COMMENTS = YES;
				CLANG_WARN_EMPTY_BODY = YES;
				CLANG_WARN_ENUM_CONVERSION = YES;
				CLANG_WARN_INFINITE_RECURSION = YES;
				CLANG_WARN_INT_CONVERSION = YES;
				CLANG_WARN_NON_LITERAL_NULL_CONVERSION = YES;
				CLANG_WARN_OBJC_IMPLICIT_RETAIN_SELF = YES;
				CLANG_WARN_OBJC_LITERAL_CONVERSION = YES;
				CLANG_WARN_OBJC_ROOT_CLASS = YES_ERROR;
				CLANG_WARN_QUOTED_INCLUDE_IN_FRAMEWORK_HEADER = YES;
				CLANG_WARN_RANGE_LOOP_ANALYSIS = YES;
				CLANG_WARN_STRICT_PROTOTYPES = YES;
				CLANG_WARN_SUSPICIOUS_MOVE = YES;
				CLANG_WARN_UNGUARDED_AVAILABILITY = YES_AGGRESSIVE;
				CLANG_WARN_UNREACHABLE_CODE = YES;
				CLANG_WARN__DUPLICATE_METHOD_MATCH = YES;
				ENABLE_STRICT_OBJC_MSGSEND = YES;
				GCC_C_LANGUAGE_STANDARD = gnu11;
				GCC_DYNAMIC_NO_PIC = NO;
				GCC_NO_COMMON_BLOCKS = YES;
				GCC_PREPROCESSOR_DEFINITIONS = (
					"DEBUG=1",
					"$(inherited)",
				);
				GCC_WARN_64_TO_32_BIT_CONVERSION = YES;
				GCC_WARN_ABOUT_RETURN_TYPE = YES_ERROR;
				GCC_WARN_UNDECLARED_SELECTOR = YES;
				GCC_WARN_UNINITIALIZED_AUTOS = YES_AGGRESSIVE;
				GCC_WARN_UNUSED_FUNCTION = YES;
				GCC_WARN_UNUSED_VARIABLE = YES;
				MTL_ENABLE_DEBUG_INFO = INCLUDE_SOURCE;
				MTL_FAST_MATH = YES;
			};
			name = Debug;
		};
		F3AA0664293ADF0400D5CDC4 /* Release */ = {
			isa = XCBuildConfiguration;
			baseConfigurationReference = F3C4226D2987EC7500AEBB75 /* Release.xcconfig */;
			buildSettings = {
				ALWAYS_SEARCH_USER_PATHS = NO;
				CLANG_ANALYZER_LOCALIZABILITY_NONLOCALIZED = YES;
				CLANG_ANALYZER_NONNULL = YES;
				CLANG_ANALYZER_NUMBER_OBJECT_CONVERSION = YES_AGGRESSIVE;
				CLANG_CXX_LANGUAGE_STANDARD = "gnu++20";
				CLANG_ENABLE_MODULES = YES;
				CLANG_ENABLE_OBJC_ARC = YES;
				CLANG_ENABLE_OBJC_WEAK = YES;
				CLANG_WARN_BLOCK_CAPTURE_AUTORELEASING = YES;
				CLANG_WARN_BOOL_CONVERSION = YES;
				CLANG_WARN_COMMA = YES;
				CLANG_WARN_CONSTANT_CONVERSION = YES;
				CLANG_WARN_DEPRECATED_OBJC_IMPLEMENTATIONS = YES;
				CLANG_WARN_DIRECT_OBJC_ISA_USAGE = YES_ERROR;
				CLANG_WARN_DOCUMENTATION_COMMENTS = YES;
				CLANG_WARN_EMPTY_BODY = YES;
				CLANG_WARN_ENUM_CONVERSION = YES;
				CLANG_WARN_INFINITE_RECURSION = YES;
				CLANG_WARN_INT_CONVERSION = YES;
				CLANG_WARN_NON_LITERAL_NULL_CONVERSION = YES;
				CLANG_WARN_OBJC_IMPLICIT_RETAIN_SELF = YES;
				CLANG_WARN_OBJC_LITERAL_CONVERSION = YES;
				CLANG_WARN_OBJC_ROOT_CLASS = YES_ERROR;
				CLANG_WARN_QUOTED_INCLUDE_IN_FRAMEWORK_HEADER = YES;
				CLANG_WARN_RANGE_LOOP_ANALYSIS = YES;
				CLANG_WARN_STRICT_PROTOTYPES = YES;
				CLANG_WARN_SUSPICIOUS_MOVE = YES;
				CLANG_WARN_UNGUARDED_AVAILABILITY = YES_AGGRESSIVE;
				CLANG_WARN_UNREACHABLE_CODE = YES;
				CLANG_WARN__DUPLICATE_METHOD_MATCH = YES;
				ENABLE_NS_ASSERTIONS = NO;
				ENABLE_STRICT_OBJC_MSGSEND = YES;
				GCC_C_LANGUAGE_STANDARD = gnu11;
				GCC_NO_COMMON_BLOCKS = YES;
				GCC_WARN_64_TO_32_BIT_CONVERSION = YES;
				GCC_WARN_ABOUT_RETURN_TYPE = YES_ERROR;
				GCC_WARN_UNDECLARED_SELECTOR = YES;
				GCC_WARN_UNINITIALIZED_AUTOS = YES_AGGRESSIVE;
				GCC_WARN_UNUSED_FUNCTION = YES;
				GCC_WARN_UNUSED_VARIABLE = YES;
				MTL_ENABLE_DEBUG_INFO = NO;
				MTL_FAST_MATH = YES;
			};
			name = Release;
		};
		F3AA0666293ADF0400D5CDC4 /* Debug */ = {
			isa = XCBuildConfiguration;
			buildSettings = {
				LD_RUNPATH_SEARCH_PATHS = (
					"$(inherited)",
					"@executable_path/Frameworks",
				);
				SWIFT_EMIT_LOC_STRINGS = YES;
			};
			name = Debug;
		};
		F3AA0667293ADF0400D5CDC4 /* Release */ = {
			isa = XCBuildConfiguration;
			buildSettings = {
				LD_RUNPATH_SEARCH_PATHS = (
					"$(inherited)",
					"@executable_path/Frameworks",
				);
				SWIFT_EMIT_LOC_STRINGS = YES;
			};
			name = Release;
		};
/* End XCBuildConfiguration section */

/* Begin XCConfigurationList section */
		F3AA064C293ADF0300D5CDC4 /* Build configuration list for PBXProject "tictactoe" */ = {
			isa = XCConfigurationList;
			buildConfigurations = (
				F3AA0663293ADF0400D5CDC4 /* Debug */,
				F3AA0664293ADF0400D5CDC4 /* Release */,
			);
			defaultConfigurationIsVisible = 0;
			defaultConfigurationName = Release;
		};
		F3AA0665293ADF0400D5CDC4 /* Build configuration list for PBXNativeTarget "tictactoe" */ = {
			isa = XCConfigurationList;
			buildConfigurations = (
				F3AA0666293ADF0400D5CDC4 /* Debug */,
				F3AA0667293ADF0400D5CDC4 /* Release */,
			);
			defaultConfigurationIsVisible = 0;
			defaultConfigurationName = Release;
		};
/* End XCConfigurationList section */

/* Begin XCSwiftPackageProductDependency section */
		F3DC3A32293B25F6003EE82D /* App */ = {
			isa = XCSwiftPackageProductDependency;
			productName = App;
		};
/* End XCSwiftPackageProductDependency section */
	};
	rootObject = F3AA0649293ADF0300D5CDC4 /* Project object */;
}
